
Microsoft Visual Studio Solution File, Format Version 12.00
# Visual Studio Version 17
VisualStudioVersion = 17.9.34728.123
MinimumVisualStudioVersion = 10.0.40219.1
Project("{FAE04EC0-301F-11D3-BF4B-00C04F79EFBC}") = "Calculadora", "Calculadora\Calculadora.csproj", "{F23163E8-CA85-4C67-BB0B-D2ED1FEC3BCC}"
EndProject
Global
	GlobalSection(SolutionConfigurationPlatforms) = preSolution
		Debug|Any CPU = Debug|Any CPU
		Release|Any CPU = Release|Any CPU
	EndGlobalSection
	GlobalSection(ProjectConfigurationPlatforms) = postSolution
		{F23163E8-CA85-4C67-BB0B-D2ED1FEC3BCC}.Debug|Any CPU.ActiveCfg = Debug|Any CPU
		{F23163E8-CA85-4C67-BB0B-D2ED1FEC3BCC}.Debug|Any CPU.Build.0 = Debug|Any CPU
		{F23163E8-CA85-4C67-BB0B-D2ED1FEC3BCC}.Release|Any CPU.ActiveCfg = Release|Any CPU
		{F23163E8-CA85-4C67-BB0B-D2ED1FEC3BCC}.Release|Any CPU.Build.0 = Release|Any CPU
	EndGlobalSection
	GlobalSection(SolutionProperties) = preSolution
		HideSolutionNode = FALSE
	EndGlobalSection
	GlobalSection(ExtensibilityGlobals) = postSolution
		SolutionGuid = {451A97D8-5BB0-4C12-AC33-5D1D413EFD79}
	EndGlobalSection
EndGlobal
